// !$*UTF8*$!
{
	archiveVersion = 1;
	classes = {
	};
	objectVersion = 42;
	objects = {

/* Begin PBXBuildFile section */
		268A29C322842E6B00F8D5B2 /* BaseAudioFile.h in Headers */ = {isa = PBXBuildFile; fileRef = B89B13591CC18525008B0E1A /* BaseAudioFile.h */; };
		268A29C422842E6B00F8D5B2 /* IAudioFile.h in Headers */ = {isa = PBXBuildFile; fileRef = B89B135B1CC18525008B0E1A /* IAudioFile.h */; };
		268A29C722842E6B00F8D5B2 /* BaseAudioFile.cpp in Sources */ = {isa = PBXBuildFile; fileRef = B89B13581CC18525008B0E1A /* BaseAudioFile.cpp */; };
		268A29C822842E6B00F8D5B2 /* IAudioFile.cpp in Sources */ = {isa = PBXBuildFile; fileRef = B89B135A1CC18525008B0E1A /* IAudioFile.cpp */; };
		268A29CA22842E6B00F8D5B2 /* Carbon.framework in Frameworks */ = {isa = PBXBuildFile; fileRef = 08EA7FFBFE8413EDC02AAC07 /* Carbon.framework */; };
		268A29DD2284A02400F8D5B2 /* ibuffer~.cpp in Sources */ = {isa = PBXBuildFile; fileRef = 268A29DC2284A02400F8D5B2 /* ibuffer~.cpp */; };
/* End PBXBuildFile section */

/* Begin PBXFileReference section */
		08EA7FFBFE8413EDC02AAC07 /* Carbon.framework */ = {isa = PBXFileReference; lastKnownFileType = wrapper.framework; name = Carbon.framework; path = /System/Library/Frameworks/Carbon.framework; sourceTree = "<absolute>"; };
		268A29D022842E6B00F8D5B2 /* ibuffer~.mxo */ = {isa = PBXFileReference; explicitFileType = wrapper.cfbundle; includeInIndex = 0; path = "ibuffer~.mxo"; sourceTree = BUILT_PRODUCTS_DIR; };
		268A29DC2284A02400F8D5B2 /* ibuffer~.cpp */ = {isa = PBXFileReference; fileEncoding = 4; lastKnownFileType = sourcecode.cpp.cpp; path = "ibuffer~.cpp"; sourceTree = "<group>"; };
		B8141B4A10EB551300CB75FA /* Config_AHarker_Externals.xcconfig */ = {isa = PBXFileReference; fileEncoding = 4; lastKnownFileType = text.xcconfig; name = Config_AHarker_Externals.xcconfig; path = ../../Config_AHarker_Externals.xcconfig; sourceTree = SOURCE_ROOT; };
		B89B13581CC18525008B0E1A /* BaseAudioFile.cpp */ = {isa = PBXFileReference; fileEncoding = 4; lastKnownFileType = sourcecode.cpp.cpp; name = BaseAudioFile.cpp; path = AudioFile/BaseAudioFile.cpp; sourceTree = SOURCE_ROOT; };
		B89B13591CC18525008B0E1A /* BaseAudioFile.h */ = {isa = PBXFileReference; fileEncoding = 4; lastKnownFileType = sourcecode.c.h; name = BaseAudioFile.h; path = AudioFile/BaseAudioFile.h; sourceTree = SOURCE_ROOT; };
		B89B135A1CC18525008B0E1A /* IAudioFile.cpp */ = {isa = PBXFileReference; fileEncoding = 4; lastKnownFileType = sourcecode.cpp.cpp; name = IAudioFile.cpp; path = AudioFile/IAudioFile.cpp; sourceTree = SOURCE_ROOT; };
		B89B135B1CC18525008B0E1A /* IAudioFile.h */ = {isa = PBXFileReference; fileEncoding = 4; lastKnownFileType = sourcecode.c.h; name = IAudioFile.h; path = AudioFile/IAudioFile.h; sourceTree = SOURCE_ROOT; };
/* End PBXFileReference section */

/* Begin PBXFrameworksBuildPhase section */
		268A29C922842E6B00F8D5B2 /* Frameworks */ = {
			isa = PBXFrameworksBuildPhase;
			buildActionMask = 2147483647;
			files = (
				268A29CA22842E6B00F8D5B2 /* Carbon.framework in Frameworks */,
			);
			runOnlyForDeploymentPostprocessing = 0;
		};
/* End PBXFrameworksBuildPhase section */

/* Begin PBXGroup section */
		089C166AFE841209C02AAC07 /* plus~ */ = {
			isa = PBXGroup;
			children = (
				B8141B4A10EB551300CB75FA /* Config_AHarker_Externals.xcconfig */,
				08FB77ADFE841716C02AAC07 /* Source */,
				089C167CFE841241C02AAC07 /* Resources */,
				089C1671FE841209C02AAC07 /* External Frameworks and Libraries */,
				19C28FB4FE9D528D11CA2CBB /* Products */,
			);
			name = "plus~";
			sourceTree = "<group>";
		};
		089C1671FE841209C02AAC07 /* External Frameworks and Libraries */ = {
			isa = PBXGroup;
			children = (
				08EA7FFBFE8413EDC02AAC07 /* Carbon.framework */,
			);
			name = "External Frameworks and Libraries";
			sourceTree = "<group>";
		};
		089C167CFE841241C02AAC07 /* Resources */ = {
			isa = PBXGroup;
			children = (
			);
			name = Resources;
			sourceTree = "<group>";
		};
		08FB77ADFE841716C02AAC07 /* Source */ = {
			isa = PBXGroup;
			children = (
				268A29DC2284A02400F8D5B2 /* ibuffer~.cpp */,
				B86499A21A4C8E0000889AC9 /* AudioFile */,
			);
			name = Source;
			sourceTree = "<group>";
		};
		19C28FB4FE9D528D11CA2CBB /* Products */ = {
			isa = PBXGroup;
			children = (
				268A29D022842E6B00F8D5B2 /* ibuffer~.mxo */,
			);
			name = Products;
			sourceTree = "<group>";
		};
		B86499A21A4C8E0000889AC9 /* AudioFile */ = {
			isa = PBXGroup;
			children = (
				B89B13581CC18525008B0E1A /* BaseAudioFile.cpp */,
				B89B13591CC18525008B0E1A /* BaseAudioFile.h */,
				B89B135A1CC18525008B0E1A /* IAudioFile.cpp */,
				B89B135B1CC18525008B0E1A /* IAudioFile.h */,
			);
			path = AudioFile;
			sourceTree = "<group>";
		};
/* End PBXGroup section */

/* Begin PBXHeadersBuildPhase section */
		268A29C222842E6B00F8D5B2 /* Headers */ = {
			isa = PBXHeadersBuildPhase;
			buildActionMask = 2147483647;
			files = (
				268A29C322842E6B00F8D5B2 /* BaseAudioFile.h in Headers */,
				268A29C422842E6B00F8D5B2 /* IAudioFile.h in Headers */,
			);
			runOnlyForDeploymentPostprocessing = 0;
		};
/* End PBXHeadersBuildPhase section */

/* Begin PBXNativeTarget section */
		268A29C122842E6B00F8D5B2 /* ibuffer~ */ = {
			isa = PBXNativeTarget;
			buildConfigurationList = 268A29CC22842E6B00F8D5B2 /* Build configuration list for PBXNativeTarget "ibuffer~" */;
			buildPhases = (
				268A29C222842E6B00F8D5B2 /* Headers */,
				268A29C522842E6B00F8D5B2 /* Resources */,
				268A29C622842E6B00F8D5B2 /* Sources */,
				268A29C922842E6B00F8D5B2 /* Frameworks */,
				268A29CB22842E6B00F8D5B2 /* Rez */,
			);
			buildRules = (
			);
			dependencies = (
			);
			name = "ibuffer~";
			productInstallPath = "$(HOME)/Library/Bundles";
			productName = MSPExternal;
			productReference = 268A29D022842E6B00F8D5B2 /* ibuffer~.mxo */;
			productType = "com.apple.product-type.bundle";
		};
/* End PBXNativeTarget section */

/* Begin PBXProject section */
		089C1669FE841209C02AAC07 /* Project object */ = {
			isa = PBXProject;
			attributes = {
			};
			buildConfigurationList = 0FFBC544097463A900D78707 /* Build configuration list for PBXProject "ibuffer~" */;
			compatibilityVersion = "Xcode 2.4";
			developmentRegion = English;
			hasScannedForEncodings = 1;
			knownRegions = (
				English,
				Japanese,
				French,
				German,
			);
			mainGroup = 089C166AFE841209C02AAC07 /* plus~ */;
			projectDirPath = "";
			projectRoot = "";
			targets = (
				268A29C122842E6B00F8D5B2 /* ibuffer~ */,
			);
		};
/* End PBXProject section */

/* Begin PBXResourcesBuildPhase section */
		268A29C522842E6B00F8D5B2 /* Resources */ = {
			isa = PBXResourcesBuildPhase;
			buildActionMask = 2147483647;
			files = (
			);
			runOnlyForDeploymentPostprocessing = 0;
		};
/* End PBXResourcesBuildPhase section */

/* Begin PBXRezBuildPhase section */
		268A29CB22842E6B00F8D5B2 /* Rez */ = {
			isa = PBXRezBuildPhase;
			buildActionMask = 2147483647;
			files = (
			);
			runOnlyForDeploymentPostprocessing = 0;
		};
/* End PBXRezBuildPhase section */

/* Begin PBXSourcesBuildPhase section */
		268A29C622842E6B00F8D5B2 /* Sources */ = {
			isa = PBXSourcesBuildPhase;
			buildActionMask = 2147483647;
			files = (
				268A29C722842E6B00F8D5B2 /* BaseAudioFile.cpp in Sources */,
				268A29C822842E6B00F8D5B2 /* IAudioFile.cpp in Sources */,
				268A29DD2284A02400F8D5B2 /* ibuffer~.cpp in Sources */,
			);
			runOnlyForDeploymentPostprocessing = 0;
		};
/* End PBXSourcesBuildPhase section */

/* Begin XCBuildConfiguration section */
		0FFBC545097463A900D78707 /* Development */ = {
			isa = XCBuildConfiguration;
			buildSettings = {
			};
			name = Development;
		};
		0FFBC546097463A900D78707 /* Deployment */ = {
			isa = XCBuildConfiguration;
			buildSettings = {
			};
			name = Deployment;
		};
		0FFBC547097463A900D78707 /* Default */ = {
			isa = XCBuildConfiguration;
			buildSettings = {
			};
			name = Default;
		};
		268A29CD22842E6B00F8D5B2 /* Development */ = {
			isa = XCBuildConfiguration;
			baseConfigurationReference = B8141B4A10EB551300CB75FA /* Config_AHarker_Externals.xcconfig */;
			buildSettings = {
				GCC_ENABLE_FIX_AND_CONTINUE = YES;
				GCC_GENERATE_DEBUGGING_SYMBOLS = YES;
				GCC_OPTIMIZATION_LEVEL = 0;
				INFOPLIST_FILE = ../../AH_Externals_Info.plist;
				PRODUCT_NAME = "ibuffer~";
			};
			name = Development;
		};
		268A29CE22842E6B00F8D5B2 /* Deployment */ = {
			isa = XCBuildConfiguration;
			baseConfigurationReference = B8141B4A10EB551300CB75FA /* Config_AHarker_Externals.xcconfig */;
			buildSettings = {
				GCC_ENABLE_FIX_AND_CONTINUE = NO;
				GCC_GENERATE_DEBUGGING_SYMBOLS = NO;
				INFOPLIST_FILE = ../../AH_Externals_Info.plist;
				PRODUCT_NAME = "ibuffer~";
			};
			name = Deployment;
		};
		268A29CF22842E6B00F8D5B2 /* Default */ = {
			isa = XCBuildConfiguration;
			baseConfigurationReference = B8141B4A10EB551300CB75FA /* Config_AHarker_Externals.xcconfig */;
			buildSettings = {
				GCC_GENERATE_DEBUGGING_SYMBOLS = NO;
				INFOPLIST_FILE = ../../AH_Externals_Info.plist;
				PRODUCT_NAME = "ibuffer~";
			};
			name = Default;
		};
/* End XCBuildConfiguration section */

/* Begin XCConfigurationList section */
		0FFBC544097463A900D78707 /* Build configuration list for PBXProject "ibuffer~" */ = {
			isa = XCConfigurationList;
			buildConfigurations = (
				0FFBC545097463A900D78707 /* Development */,
				0FFBC546097463A900D78707 /* Deployment */,
				0FFBC547097463A900D78707 /* Default */,
			);
			defaultConfigurationIsVisible = 0;
			defaultConfigurationName = Default;
		};
		268A29CC22842E6B00F8D5B2 /* Build configuration list for PBXNativeTarget "ibuffer~" */ = {
			isa = XCConfigurationList;
			buildConfigurations = (
				268A29CD22842E6B00F8D5B2 /* Development */,
				268A29CE22842E6B00F8D5B2 /* Deployment */,
				268A29CF22842E6B00F8D5B2 /* Default */,
			);
			defaultConfigurationIsVisible = 0;
			defaultConfigurationName = Default;
		};
/* End XCConfigurationList section */
	};
	rootObject = 089C1669FE841209C02AAC07 /* Project object */;
}
